
Microsoft Visual Studio Solution File, Format Version 12.00
# Visual Studio 2012
Project("{FAE04EC0-301F-11D3-BF4B-00C04F79EFBC}") = "WorkWithDB.Entity", "WorkWithDB.Entity\WorkWithDB.Entity.csproj", "{897F2F9C-7F5E-4D58-AB36-D2C9BD1E277A}"
EndProject
Project("{FAE04EC0-301F-11D3-BF4B-00C04F79EFBC}") = "WorkWithDB.DAL.Abstract", "WorkWithDB.DAL.Abstract\WorkWithDB.DAL.Abstract.csproj", "{B1052A7E-B6CA-4521-A5A1-18044560B159}"
EndProject
Project("{FAE04EC0-301F-11D3-BF4B-00C04F79EFBC}") = "WorkWithDB.DAL.SqlServer", "WorkWithDB.DAL.SqlServer\WorkWithDB.DAL.SqlServer.csproj", "{28C9AA9C-5DB8-478D-A137-47D8E281123E}"
EndProject
Project("{FAE04EC0-301F-11D3-BF4B-00C04F79EFBC}") = "WorkWithDB.Tester", "WorkWithDB.Test\WorkWithDB.Tester.csproj", "{AAB5E041-2CF9-477B-978E-36ACA13EF5C6}"
EndProject
Project("{2150E333-8FDC-42A3-9474-1A3956D46DE8}") = "Solution Items", "Solution Items", "{3804AABD-B9A6-44B5-B320-3EB902DB5080}"
	ProjectSection(SolutionItems) = preProject
		README.md = README.md
		SQLGenerationScript.sql = SQLGenerationScript.sql
	EndProjectSection
EndProject
Project("{FAE04EC0-301F-11D3-BF4B-00C04F79EFBC}") = "WorkWithDB.UI", "WorkWithDB.UI\WorkWithDB.UI.csproj", "{80C213DF-9779-4BBD-8287-2A30DC67750B}"
EndProject
Project("{FAE04EC0-301F-11D3-BF4B-00C04F79EFBC}") = "WebApp", "WebApp\WebApp.csproj", "{6B1D6349-C0F0-47D6-98A9-EE42A20CBE0E}"
EndProject
Project("{FAE04EC0-301F-11D3-BF4B-00C04F79EFBC}") = "WebApp.Abstract", "WebApp.Abstract\WebApp.Abstract.csproj", "{DC8A85A2-6375-4A8D-B836-DC885256DEA3}"
EndProject
Project("{FAE04EC0-301F-11D3-BF4B-00C04F79EFBC}") = "WebApp.BL", "WebApp.BL\WebApp.BL.csproj", "{EDC34EAA-6DC6-4AAB-91BA-0F248ED60BEB}"
EndProject
Project("{2150E333-8FDC-42A3-9474-1A3956D46DE8}") = "Server", "Server", "{D55978A8-15C9-4ED4-B760-30775B07B04C}"
EndProject
Project("{2150E333-8FDC-42A3-9474-1A3956D46DE8}") = "Common", "Common", "{BD423D6D-D656-4E6A-A2E8-D5B6C46B327D}"
EndProject
Project("{2150E333-8FDC-42A3-9474-1A3956D46DE8}") = "Client", "Client", "{6B3CECAE-A841-4137-AD7F-D3F4AEE87A93}"
EndProject
Project("{FAE04EC0-301F-11D3-BF4B-00C04F79EFBC}") = "WebApp.Api.Models", "WebApp.Api.Models\WebApp.Api.Models.csproj", "{53446174-AE40-458B-A620-FBEE609375F0}"
EndProject
Global
	GlobalSection(SolutionConfigurationPlatforms) = preSolution
		Debug|Any CPU = Debug|Any CPU
		Release|Any CPU = Release|Any CPU
	EndGlobalSection
	GlobalSection(ProjectConfigurationPlatforms) = postSolution
		{897F2F9C-7F5E-4D58-AB36-D2C9BD1E277A}.Debug|Any CPU.ActiveCfg = Debug|Any CPU
		{897F2F9C-7F5E-4D58-AB36-D2C9BD1E277A}.Debug|Any CPU.Build.0 = Debug|Any CPU
		{897F2F9C-7F5E-4D58-AB36-D2C9BD1E277A}.Release|Any CPU.ActiveCfg = Release|Any CPU
		{897F2F9C-7F5E-4D58-AB36-D2C9BD1E277A}.Release|Any CPU.Build.0 = Release|Any CPU
		{B1052A7E-B6CA-4521-A5A1-18044560B159}.Debug|Any CPU.ActiveCfg = Debug|Any CPU
		{B1052A7E-B6CA-4521-A5A1-18044560B159}.Debug|Any CPU.Build.0 = Debug|Any CPU
		{B1052A7E-B6CA-4521-A5A1-18044560B159}.Release|Any CPU.ActiveCfg = Release|Any CPU
		{B1052A7E-B6CA-4521-A5A1-18044560B159}.Release|Any CPU.Build.0 = Release|Any CPU
		{28C9AA9C-5DB8-478D-A137-47D8E281123E}.Debug|Any CPU.ActiveCfg = Debug|Any CPU
		{28C9AA9C-5DB8-478D-A137-47D8E281123E}.Debug|Any CPU.Build.0 = Debug|Any CPU
		{28C9AA9C-5DB8-478D-A137-47D8E281123E}.Release|Any CPU.ActiveCfg = Release|Any CPU
		{28C9AA9C-5DB8-478D-A137-47D8E281123E}.Release|Any CPU.Build.0 = Release|Any CPU
		{AAB5E041-2CF9-477B-978E-36ACA13EF5C6}.Debug|Any CPU.ActiveCfg = Debug|Any CPU
		{AAB5E041-2CF9-477B-978E-36ACA13EF5C6}.Debug|Any CPU.Build.0 = Debug|Any CPU
		{AAB5E041-2CF9-477B-978E-36ACA13EF5C6}.Release|Any CPU.ActiveCfg = Release|Any CPU
		{AAB5E041-2CF9-477B-978E-36ACA13EF5C6}.Release|Any CPU.Build.0 = Release|Any CPU
		{80C213DF-9779-4BBD-8287-2A30DC67750B}.Debug|Any CPU.ActiveCfg = Debug|Any CPU
		{80C213DF-9779-4BBD-8287-2A30DC67750B}.Debug|Any CPU.Build.0 = Debug|Any CPU
		{80C213DF-9779-4BBD-8287-2A30DC67750B}.Release|Any CPU.ActiveCfg = Release|Any CPU
		{80C213DF-9779-4BBD-8287-2A30DC67750B}.Release|Any CPU.Build.0 = Release|Any CPU
		{6B1D6349-C0F0-47D6-98A9-EE42A20CBE0E}.Debug|Any CPU.ActiveCfg = Debug|Any CPU
		{6B1D6349-C0F0-47D6-98A9-EE42A20CBE0E}.Debug|Any CPU.Build.0 = Debug|Any CPU
		{6B1D6349-C0F0-47D6-98A9-EE42A20CBE0E}.Release|Any CPU.ActiveCfg = Release|Any CPU
		{6B1D6349-C0F0-47D6-98A9-EE42A20CBE0E}.Release|Any CPU.Build.0 = Release|Any CPU
		{DC8A85A2-6375-4A8D-B836-DC885256DEA3}.Debug|Any CPU.ActiveCfg = Debug|Any CPU
		{DC8A85A2-6375-4A8D-B836-DC885256DEA3}.Debug|Any CPU.Build.0 = Debug|Any CPU
		{DC8A85A2-6375-4A8D-B836-DC885256DEA3}.Release|Any CPU.ActiveCfg = Release|Any CPU
		{DC8A85A2-6375-4A8D-B836-DC885256DEA3}.Release|Any CPU.Build.0 = Release|Any CPU
		{EDC34EAA-6DC6-4AAB-91BA-0F248ED60BEB}.Debug|Any CPU.ActiveCfg = Debug|Any CPU
		{EDC34EAA-6DC6-4AAB-91BA-0F248ED60BEB}.Debug|Any CPU.Build.0 = Debug|Any CPU
		{EDC34EAA-6DC6-4AAB-91BA-0F248ED60BEB}.Release|Any CPU.ActiveCfg = Release|Any CPU
		{EDC34EAA-6DC6-4AAB-91BA-0F248ED60BEB}.Release|Any CPU.Build.0 = Release|Any CPU
		{53446174-AE40-458B-A620-FBEE609375F0}.Debug|Any CPU.ActiveCfg = Debug|Any CPU
		{53446174-AE40-458B-A620-FBEE609375F0}.Debug|Any CPU.Build.0 = Debug|Any CPU
		{53446174-AE40-458B-A620-FBEE609375F0}.Release|Any CPU.ActiveCfg = Release|Any CPU
		{53446174-AE40-458B-A620-FBEE609375F0}.Release|Any CPU.Build.0 = Release|Any CPU
	EndGlobalSection
	GlobalSection(SolutionProperties) = preSolution
		HideSolutionNode = FALSE
	EndGlobalSection
	GlobalSection(NestedProjects) = preSolution
		{B1052A7E-B6CA-4521-A5A1-18044560B159} = {BD423D6D-D656-4E6A-A2E8-D5B6C46B327D}
		{28C9AA9C-5DB8-478D-A137-47D8E281123E} = {BD423D6D-D656-4E6A-A2E8-D5B6C46B327D}
		{897F2F9C-7F5E-4D58-AB36-D2C9BD1E277A} = {BD423D6D-D656-4E6A-A2E8-D5B6C46B327D}
		{53446174-AE40-458B-A620-FBEE609375F0} = {BD423D6D-D656-4E6A-A2E8-D5B6C46B327D}
		{80C213DF-9779-4BBD-8287-2A30DC67750B} = {6B3CECAE-A841-4137-AD7F-D3F4AEE87A93}
		{AAB5E041-2CF9-477B-978E-36ACA13EF5C6} = {6B3CECAE-A841-4137-AD7F-D3F4AEE87A93}
		{DC8A85A2-6375-4A8D-B836-DC885256DEA3} = {D55978A8-15C9-4ED4-B760-30775B07B04C}
		{EDC34EAA-6DC6-4AAB-91BA-0F248ED60BEB} = {D55978A8-15C9-4ED4-B760-30775B07B04C}
		{6B1D6349-C0F0-47D6-98A9-EE42A20CBE0E} = {D55978A8-15C9-4ED4-B760-30775B07B04C}
	EndGlobalSection
EndGlobal
