
Microsoft Visual Studio Solution File, Format Version 12.00
# Visual Studio 15
VisualStudioVersion = 15.0.27128.1
MinimumVisualStudioVersion = 10.0.40219.1
Project("{FAE04EC0-301F-11D3-BF4B-00C04F79EFBC}") = "WorkWithDB.Entity", "WorkWithDB.Entity\WorkWithDB.Entity.csproj", "{897F2F9C-7F5E-4D58-AB36-D2C9BD1E277A}"
EndProject
Project("{FAE04EC0-301F-11D3-BF4B-00C04F79EFBC}") = "WorkWithDB.DAL.Abstract", "WorkWithDB.DAL.Abstract\WorkWithDB.DAL.Abstract.csproj", "{B1052A7E-B6CA-4521-A5A1-18044560B159}"
EndProject
Project("{FAE04EC0-301F-11D3-BF4B-00C04F79EFBC}") = "WorkWithDB.DAL.SqlServer", "WorkWithDB.DAL.SqlServer\WorkWithDB.DAL.SqlServer.csproj", "{28C9AA9C-5DB8-478D-A137-47D8E281123E}"
EndProject
Project("{FAE04EC0-301F-11D3-BF4B-00C04F79EFBC}") = "WorkWithDB.Tester", "WorkWithDB.Test\WorkWithDB.Tester.csproj", "{AAB5E041-2CF9-477B-978E-36ACA13EF5C6}"
EndProject
Project("{2150E333-8FDC-42A3-9474-1A3956D46DE8}") = "Solution Items", "Solution Items", "{3804AABD-B9A6-44B5-B320-3EB902DB5080}"
	ProjectSection(SolutionItems) = preProject
		SQLGenerationScript.sql = SQLGenerationScript.sql
	EndProjectSection
EndProject
Project("{FAE04EC0-301F-11D3-BF4B-00C04F79EFBC}") = "WebApp", "WebApp\WebApp.csproj", "{6B1D6349-C0F0-47D6-98A9-EE42A20CBE0E}"
EndProject
Project("{FAE04EC0-301F-11D3-BF4B-00C04F79EFBC}") = "WebApp.Abstract", "WebApp.Abstract\WebApp.Abstract.csproj", "{DC8A85A2-6375-4A8D-B836-DC885256DEA3}"
EndProject
Project("{FAE04EC0-301F-11D3-BF4B-00C04F79EFBC}") = "WebApp.BL", "WebApp.BL\WebApp.BL.csproj", "{EDC34EAA-6DC6-4AAB-91BA-0F248ED60BEB}"
EndProject
Project("{2150E333-8FDC-42A3-9474-1A3956D46DE8}") = "Server", "Server", "{D55978A8-15C9-4ED4-B760-30775B07B04C}"
EndProject
Project("{2150E333-8FDC-42A3-9474-1A3956D46DE8}") = "Common", "Common", "{BD423D6D-D656-4E6A-A2E8-D5B6C46B327D}"
EndProject
Project("{2150E333-8FDC-42A3-9474-1A3956D46DE8}") = "Client", "Client", "{6B3CECAE-A841-4137-AD7F-D3F4AEE87A93}"
EndProject
Project("{FAE04EC0-301F-11D3-BF4B-00C04F79EFBC}") = "WebApp.Api.Models", "WebApp.Api.Models\WebApp.Api.Models.csproj", "{53446174-AE40-458B-A620-FBEE609375F0}"
EndProject
Project("{FAE04EC0-301F-11D3-BF4B-00C04F79EFBC}") = "WorkWithDB.DAL.Rest", "WorkWithDB.DAL.Rest\WorkWithDB.DAL.Rest.csproj", "{A8A40C01-65D5-418B-AED4-E6A94B99D146}"
EndProject
Project("{FAE04EC0-301F-11D3-BF4B-00C04F79EFBC}") = "RestSharpJsonNet", "RestSharpJsonNet\RestSharpJsonNet.csproj", "{310D5AE3-A437-419E-8F14-A9E487E9DF60}"
EndProject
Project("{2150E333-8FDC-42A3-9474-1A3956D46DE8}") = "ServerCore", "ServerCore", "{A9C2A378-C3E7-4978-9213-E07402783368}"
EndProject
Project("{9A19103F-16F7-4668-BE54-9A1E7A4F7556}") = "WebApp.Core.Abstract", "WebApp.Core.Abstract\WebApp.Core.Abstract.csproj", "{72FE5C9A-84EC-4B5B-9B6A-491278F977FA}"
EndProject
Project("{9A19103F-16F7-4668-BE54-9A1E7A4F7556}") = "WebAppCore", "WebAppCore\WebAppCore.csproj", "{688655C0-4F6D-4B4E-A16A-B5D56DE9AE61}"
EndProject
Project("{2150E333-8FDC-42A3-9474-1A3956D46DE8}") = "CommonStandart", "CommonStandart", "{A1375FE3-D50C-4234-A565-2A9D8104321D}"
EndProject
Project("{9A19103F-16F7-4668-BE54-9A1E7A4F7556}") = "RestSharpJsonNet.Standard", "RestSharpJsonNet.Standard\RestSharpJsonNet.Standard.csproj", "{7CB618BF-FAE2-4C1B-B65E-F477396991E2}"
EndProject
Project("{9A19103F-16F7-4668-BE54-9A1E7A4F7556}") = "WorkWithDB.DAL.Standard.Abstract", "WorkWithDB.DAL.Standard.Abstract\WorkWithDB.DAL.Standard.Abstract.csproj", "{1F1CE1B1-79A6-4126-A4F8-45F293800A2E}"
EndProject
Project("{9A19103F-16F7-4668-BE54-9A1E7A4F7556}") = "WebApp.Standard.Api.Models", "WebApp.Standard.Api.Models\WebApp.Standard.Api.Models.csproj", "{AA15FF19-A369-4CCD-A83A-583D8EDDA5F9}"
EndProject
Project("{9A19103F-16F7-4668-BE54-9A1E7A4F7556}") = "WorkWithDB.Standard.Entity", "WorkWithDB.Standard.Entity\WorkWithDB.Standard.Entity.csproj", "{89591718-FF36-4204-BB39-BD80EBC5B1CE}"
EndProject
Project("{9A19103F-16F7-4668-BE54-9A1E7A4F7556}") = "WebApp.BL.Core", "WebApp.BL.Core\WebApp.BL.Core.csproj", "{074D60CA-EDD0-47F5-A6A0-2052CD735824}"
EndProject
Project("{FAE04EC0-301F-11D3-BF4B-00C04F79EFBC}") = "WorkWithDB.Standartd.DAL.SqlServer", "WorkWithDB.Standartd.DAL.SqlServer\WorkWithDB.Standartd.DAL.SqlServer.csproj", "{9AB41BB5-2239-4355-B3DA-7EC75FF0934A}"
EndProject
Global
	GlobalSection(SolutionConfigurationPlatforms) = preSolution
		Debug|Any CPU = Debug|Any CPU
		Release|Any CPU = Release|Any CPU
	EndGlobalSection
	GlobalSection(ProjectConfigurationPlatforms) = postSolution
		{897F2F9C-7F5E-4D58-AB36-D2C9BD1E277A}.Debug|Any CPU.ActiveCfg = Debug|Any CPU
		{897F2F9C-7F5E-4D58-AB36-D2C9BD1E277A}.Debug|Any CPU.Build.0 = Debug|Any CPU
		{897F2F9C-7F5E-4D58-AB36-D2C9BD1E277A}.Release|Any CPU.ActiveCfg = Release|Any CPU
		{897F2F9C-7F5E-4D58-AB36-D2C9BD1E277A}.Release|Any CPU.Build.0 = Release|Any CPU
		{B1052A7E-B6CA-4521-A5A1-18044560B159}.Debug|Any CPU.ActiveCfg = Debug|Any CPU
		{B1052A7E-B6CA-4521-A5A1-18044560B159}.Debug|Any CPU.Build.0 = Debug|Any CPU
		{B1052A7E-B6CA-4521-A5A1-18044560B159}.Release|Any CPU.ActiveCfg = Release|Any CPU
		{B1052A7E-B6CA-4521-A5A1-18044560B159}.Release|Any CPU.Build.0 = Release|Any CPU
		{28C9AA9C-5DB8-478D-A137-47D8E281123E}.Debug|Any CPU.ActiveCfg = Debug|Any CPU
		{28C9AA9C-5DB8-478D-A137-47D8E281123E}.Debug|Any CPU.Build.0 = Debug|Any CPU
		{28C9AA9C-5DB8-478D-A137-47D8E281123E}.Release|Any CPU.ActiveCfg = Release|Any CPU
		{28C9AA9C-5DB8-478D-A137-47D8E281123E}.Release|Any CPU.Build.0 = Release|Any CPU
		{AAB5E041-2CF9-477B-978E-36ACA13EF5C6}.Debug|Any CPU.ActiveCfg = Debug|Any CPU
		{AAB5E041-2CF9-477B-978E-36ACA13EF5C6}.Debug|Any CPU.Build.0 = Debug|Any CPU
		{AAB5E041-2CF9-477B-978E-36ACA13EF5C6}.Release|Any CPU.ActiveCfg = Release|Any CPU
		{AAB5E041-2CF9-477B-978E-36ACA13EF5C6}.Release|Any CPU.Build.0 = Release|Any CPU
		{6B1D6349-C0F0-47D6-98A9-EE42A20CBE0E}.Debug|Any CPU.ActiveCfg = Debug|Any CPU
		{6B1D6349-C0F0-47D6-98A9-EE42A20CBE0E}.Debug|Any CPU.Build.0 = Debug|Any CPU
		{6B1D6349-C0F0-47D6-98A9-EE42A20CBE0E}.Release|Any CPU.ActiveCfg = Release|Any CPU
		{6B1D6349-C0F0-47D6-98A9-EE42A20CBE0E}.Release|Any CPU.Build.0 = Release|Any CPU
		{DC8A85A2-6375-4A8D-B836-DC885256DEA3}.Debug|Any CPU.ActiveCfg = Debug|Any CPU
		{DC8A85A2-6375-4A8D-B836-DC885256DEA3}.Debug|Any CPU.Build.0 = Debug|Any CPU
		{DC8A85A2-6375-4A8D-B836-DC885256DEA3}.Release|Any CPU.ActiveCfg = Release|Any CPU
		{DC8A85A2-6375-4A8D-B836-DC885256DEA3}.Release|Any CPU.Build.0 = Release|Any CPU
		{EDC34EAA-6DC6-4AAB-91BA-0F248ED60BEB}.Debug|Any CPU.ActiveCfg = Debug|Any CPU
		{EDC34EAA-6DC6-4AAB-91BA-0F248ED60BEB}.Debug|Any CPU.Build.0 = Debug|Any CPU
		{EDC34EAA-6DC6-4AAB-91BA-0F248ED60BEB}.Release|Any CPU.ActiveCfg = Release|Any CPU
		{EDC34EAA-6DC6-4AAB-91BA-0F248ED60BEB}.Release|Any CPU.Build.0 = Release|Any CPU
		{53446174-AE40-458B-A620-FBEE609375F0}.Debug|Any CPU.ActiveCfg = Debug|Any CPU
		{53446174-AE40-458B-A620-FBEE609375F0}.Debug|Any CPU.Build.0 = Debug|Any CPU
		{53446174-AE40-458B-A620-FBEE609375F0}.Release|Any CPU.ActiveCfg = Release|Any CPU
		{53446174-AE40-458B-A620-FBEE609375F0}.Release|Any CPU.Build.0 = Release|Any CPU
		{A8A40C01-65D5-418B-AED4-E6A94B99D146}.Debug|Any CPU.ActiveCfg = Debug|Any CPU
		{A8A40C01-65D5-418B-AED4-E6A94B99D146}.Debug|Any CPU.Build.0 = Debug|Any CPU
		{A8A40C01-65D5-418B-AED4-E6A94B99D146}.Release|Any CPU.ActiveCfg = Release|Any CPU
		{A8A40C01-65D5-418B-AED4-E6A94B99D146}.Release|Any CPU.Build.0 = Release|Any CPU
		{310D5AE3-A437-419E-8F14-A9E487E9DF60}.Debug|Any CPU.ActiveCfg = Debug|Any CPU
		{310D5AE3-A437-419E-8F14-A9E487E9DF60}.Debug|Any CPU.Build.0 = Debug|Any CPU
		{310D5AE3-A437-419E-8F14-A9E487E9DF60}.Release|Any CPU.ActiveCfg = Release|Any CPU
		{310D5AE3-A437-419E-8F14-A9E487E9DF60}.Release|Any CPU.Build.0 = Release|Any CPU
		{72FE5C9A-84EC-4B5B-9B6A-491278F977FA}.Debug|Any CPU.ActiveCfg = Debug|Any CPU
		{72FE5C9A-84EC-4B5B-9B6A-491278F977FA}.Debug|Any CPU.Build.0 = Debug|Any CPU
		{72FE5C9A-84EC-4B5B-9B6A-491278F977FA}.Release|Any CPU.ActiveCfg = Release|Any CPU
		{72FE5C9A-84EC-4B5B-9B6A-491278F977FA}.Release|Any CPU.Build.0 = Release|Any CPU
		{688655C0-4F6D-4B4E-A16A-B5D56DE9AE61}.Debug|Any CPU.ActiveCfg = Debug|Any CPU
		{688655C0-4F6D-4B4E-A16A-B5D56DE9AE61}.Debug|Any CPU.Build.0 = Debug|Any CPU
		{688655C0-4F6D-4B4E-A16A-B5D56DE9AE61}.Release|Any CPU.ActiveCfg = Release|Any CPU
		{688655C0-4F6D-4B4E-A16A-B5D56DE9AE61}.Release|Any CPU.Build.0 = Release|Any CPU
		{7CB618BF-FAE2-4C1B-B65E-F477396991E2}.Debug|Any CPU.ActiveCfg = Debug|Any CPU
		{7CB618BF-FAE2-4C1B-B65E-F477396991E2}.Debug|Any CPU.Build.0 = Debug|Any CPU
		{7CB618BF-FAE2-4C1B-B65E-F477396991E2}.Release|Any CPU.ActiveCfg = Release|Any CPU
		{7CB618BF-FAE2-4C1B-B65E-F477396991E2}.Release|Any CPU.Build.0 = Release|Any CPU
		{1F1CE1B1-79A6-4126-A4F8-45F293800A2E}.Debug|Any CPU.ActiveCfg = Debug|Any CPU
		{1F1CE1B1-79A6-4126-A4F8-45F293800A2E}.Debug|Any CPU.Build.0 = Debug|Any CPU
		{1F1CE1B1-79A6-4126-A4F8-45F293800A2E}.Release|Any CPU.ActiveCfg = Release|Any CPU
		{1F1CE1B1-79A6-4126-A4F8-45F293800A2E}.Release|Any CPU.Build.0 = Release|Any CPU
		{AA15FF19-A369-4CCD-A83A-583D8EDDA5F9}.Debug|Any CPU.ActiveCfg = Debug|Any CPU
		{AA15FF19-A369-4CCD-A83A-583D8EDDA5F9}.Debug|Any CPU.Build.0 = Debug|Any CPU
		{AA15FF19-A369-4CCD-A83A-583D8EDDA5F9}.Release|Any CPU.ActiveCfg = Release|Any CPU
		{AA15FF19-A369-4CCD-A83A-583D8EDDA5F9}.Release|Any CPU.Build.0 = Release|Any CPU
		{89591718-FF36-4204-BB39-BD80EBC5B1CE}.Debug|Any CPU.ActiveCfg = Debug|Any CPU
		{89591718-FF36-4204-BB39-BD80EBC5B1CE}.Debug|Any CPU.Build.0 = Debug|Any CPU
		{89591718-FF36-4204-BB39-BD80EBC5B1CE}.Release|Any CPU.ActiveCfg = Release|Any CPU
		{89591718-FF36-4204-BB39-BD80EBC5B1CE}.Release|Any CPU.Build.0 = Release|Any CPU
		{074D60CA-EDD0-47F5-A6A0-2052CD735824}.Debug|Any CPU.ActiveCfg = Debug|Any CPU
		{074D60CA-EDD0-47F5-A6A0-2052CD735824}.Debug|Any CPU.Build.0 = Debug|Any CPU
		{074D60CA-EDD0-47F5-A6A0-2052CD735824}.Release|Any CPU.ActiveCfg = Release|Any CPU
		{074D60CA-EDD0-47F5-A6A0-2052CD735824}.Release|Any CPU.Build.0 = Release|Any CPU
		{9AB41BB5-2239-4355-B3DA-7EC75FF0934A}.Debug|Any CPU.ActiveCfg = Debug|Any CPU
		{9AB41BB5-2239-4355-B3DA-7EC75FF0934A}.Debug|Any CPU.Build.0 = Debug|Any CPU
		{9AB41BB5-2239-4355-B3DA-7EC75FF0934A}.Release|Any CPU.ActiveCfg = Release|Any CPU
		{9AB41BB5-2239-4355-B3DA-7EC75FF0934A}.Release|Any CPU.Build.0 = Release|Any CPU
	EndGlobalSection
	GlobalSection(SolutionProperties) = preSolution
		HideSolutionNode = FALSE
	EndGlobalSection
	GlobalSection(NestedProjects) = preSolution
		{897F2F9C-7F5E-4D58-AB36-D2C9BD1E277A} = {BD423D6D-D656-4E6A-A2E8-D5B6C46B327D}
		{B1052A7E-B6CA-4521-A5A1-18044560B159} = {BD423D6D-D656-4E6A-A2E8-D5B6C46B327D}
		{28C9AA9C-5DB8-478D-A137-47D8E281123E} = {BD423D6D-D656-4E6A-A2E8-D5B6C46B327D}
		{AAB5E041-2CF9-477B-978E-36ACA13EF5C6} = {6B3CECAE-A841-4137-AD7F-D3F4AEE87A93}
		{6B1D6349-C0F0-47D6-98A9-EE42A20CBE0E} = {D55978A8-15C9-4ED4-B760-30775B07B04C}
		{DC8A85A2-6375-4A8D-B836-DC885256DEA3} = {D55978A8-15C9-4ED4-B760-30775B07B04C}
		{EDC34EAA-6DC6-4AAB-91BA-0F248ED60BEB} = {D55978A8-15C9-4ED4-B760-30775B07B04C}
		{53446174-AE40-458B-A620-FBEE609375F0} = {D55978A8-15C9-4ED4-B760-30775B07B04C}
		{A8A40C01-65D5-418B-AED4-E6A94B99D146} = {BD423D6D-D656-4E6A-A2E8-D5B6C46B327D}
		{310D5AE3-A437-419E-8F14-A9E487E9DF60} = {BD423D6D-D656-4E6A-A2E8-D5B6C46B327D}
		{72FE5C9A-84EC-4B5B-9B6A-491278F977FA} = {A9C2A378-C3E7-4978-9213-E07402783368}
		{688655C0-4F6D-4B4E-A16A-B5D56DE9AE61} = {A9C2A378-C3E7-4978-9213-E07402783368}
		{7CB618BF-FAE2-4C1B-B65E-F477396991E2} = {A1375FE3-D50C-4234-A565-2A9D8104321D}
		{1F1CE1B1-79A6-4126-A4F8-45F293800A2E} = {A1375FE3-D50C-4234-A565-2A9D8104321D}
		{AA15FF19-A369-4CCD-A83A-583D8EDDA5F9} = {A9C2A378-C3E7-4978-9213-E07402783368}
		{89591718-FF36-4204-BB39-BD80EBC5B1CE} = {A1375FE3-D50C-4234-A565-2A9D8104321D}
		{074D60CA-EDD0-47F5-A6A0-2052CD735824} = {A9C2A378-C3E7-4978-9213-E07402783368}
		{9AB41BB5-2239-4355-B3DA-7EC75FF0934A} = {A1375FE3-D50C-4234-A565-2A9D8104321D}
	EndGlobalSection
	GlobalSection(ExtensibilityGlobals) = postSolution
		SolutionGuid = {7A696890-FFAF-49D3-969D-F0653B41E7A7}
	EndGlobalSection
EndGlobal
