
Microsoft Visual Studio Solution File, Format Version 12.00
# Visual Studio 15
VisualStudioVersion = 15.0.27705.2000
MinimumVisualStudioVersion = 10.0.40219.1
Project("{9A19103F-16F7-4668-BE54-9A1E7A4F7556}") = "WorkWithDB.Standart.Entity", "WorkWithDB.Standart.Entity.csproj", "{3ABEBF63-25A1-4623-9898-D413669FFC51}"
EndProject
Global
	GlobalSection(SolutionConfigurationPlatforms) = preSolution
		Debug|Any CPU = Debug|Any CPU
		Release|Any CPU = Release|Any CPU
	EndGlobalSection
	GlobalSection(ProjectConfigurationPlatforms) = postSolution
		{3ABEBF63-25A1-4623-9898-D413669FFC51}.Debug|Any CPU.ActiveCfg = Debug|Any CPU
		{3ABEBF63-25A1-4623-9898-D413669FFC51}.Debug|Any CPU.Build.0 = Debug|Any CPU
		{3ABEBF63-25A1-4623-9898-D413669FFC51}.Release|Any CPU.ActiveCfg = Release|Any CPU
		{3ABEBF63-25A1-4623-9898-D413669FFC51}.Release|Any CPU.Build.0 = Release|Any CPU
	EndGlobalSection
	GlobalSection(SolutionProperties) = preSolution
		HideSolutionNode = FALSE
	EndGlobalSection
	GlobalSection(ExtensibilityGlobals) = postSolution
		SolutionGuid = {5576A484-BDB0-4C09-A79A-217D5959E39F}
	EndGlobalSection
EndGlobal
